
Microsoft Visual Studio Solution File, Format Version 12.00
# Visual Studio 15
VisualStudioVersion = 15.0.28307.421
MinimumVisualStudioVersion = 10.0.40219.1
Project("{9A19103F-16F7-4668-BE54-9A1E7A4F7556}") = "UnitConverter.Logic", "UnitConverter.Logic\UnitConverter.Logic.csproj", "{356A93C6-F6EE-4605-B0AE-E09A2A35540D}"
EndProject
Project("{9A19103F-16F7-4668-BE54-9A1E7A4F7556}") = "UnitConverter.Cmd", "UnitConverter.Cmd\UnitConverter.Cmd.csproj", "{A4432042-9579-4218-806F-03F3747716C2}"
EndProject
Project("{FAE04EC0-301F-11D3-BF4B-00C04F79EFBC}") = "UniConverter.LogicTest", "UniConverter.LogicTest\UniConverter.LogicTest.csproj", "{0387CC50-C208-45BF-9C50-31501B62D5F4}"
EndProject
Global
	GlobalSection(SolutionConfigurationPlatforms) = preSolution
		Debug|Any CPU = Debug|Any CPU
		Release|Any CPU = Release|Any CPU
	EndGlobalSection
	GlobalSection(ProjectConfigurationPlatforms) = postSolution
		{356A93C6-F6EE-4605-B0AE-E09A2A35540D}.Debug|Any CPU.ActiveCfg = Debug|Any CPU
		{356A93C6-F6EE-4605-B0AE-E09A2A35540D}.Debug|Any CPU.Build.0 = Debug|Any CPU
		{356A93C6-F6EE-4605-B0AE-E09A2A35540D}.Release|Any CPU.ActiveCfg = Release|Any CPU
		{356A93C6-F6EE-4605-B0AE-E09A2A35540D}.Release|Any CPU.Build.0 = Release|Any CPU
		{A4432042-9579-4218-806F-03F3747716C2}.Debug|Any CPU.ActiveCfg = Debug|Any CPU
		{A4432042-9579-4218-806F-03F3747716C2}.Debug|Any CPU.Build.0 = Debug|Any CPU
		{A4432042-9579-4218-806F-03F3747716C2}.Release|Any CPU.ActiveCfg = Release|Any CPU
		{A4432042-9579-4218-806F-03F3747716C2}.Release|Any CPU.Build.0 = Release|Any CPU
		{0387CC50-C208-45BF-9C50-31501B62D5F4}.Debug|Any CPU.ActiveCfg = Debug|Any CPU
		{0387CC50-C208-45BF-9C50-31501B62D5F4}.Debug|Any CPU.Build.0 = Debug|Any CPU
		{0387CC50-C208-45BF-9C50-31501B62D5F4}.Release|Any CPU.ActiveCfg = Release|Any CPU
		{0387CC50-C208-45BF-9C50-31501B62D5F4}.Release|Any CPU.Build.0 = Release|Any CPU
	EndGlobalSection
	GlobalSection(SolutionProperties) = preSolution
		HideSolutionNode = FALSE
	EndGlobalSection
	GlobalSection(ExtensibilityGlobals) = postSolution
		SolutionGuid = {ED3E16CC-3CF2-4F34-A828-B17E6F900A83}
	EndGlobalSection
EndGlobal
